
Microsoft Visual Studio Solution File, Format Version 12.00
# Visual Studio Version 16
VisualStudioVersion = 16.0.31613.86
MinimumVisualStudioVersion = 10.0.40219.1
Project("{9A19103F-16F7-4668-BE54-9A1E7A4F7556}") = "WebApplication", "WebApplication\WebApplication.csproj", "{EE2B28EC-EEF7-424F-BCA7-E0F8ECE594F4}"
EndProject
Project("{FAE04EC0-301F-11D3-BF4B-00C04F79EFBC}") = "Identitypersian", "Identitypersian\Identitypersian.csproj", "{99B90FB7-2536-414A-8167-1B2A399E7B69}"
EndProject
Global
	GlobalSection(SolutionConfigurationPlatforms) = preSolution
		Debug|Any CPU = Debug|Any CPU
		Release|Any CPU = Release|Any CPU
	EndGlobalSection
	GlobalSection(ProjectConfigurationPlatforms) = postSolution
		{EE2B28EC-EEF7-424F-BCA7-E0F8ECE594F4}.Debug|Any CPU.ActiveCfg = Debug|Any CPU
		{EE2B28EC-EEF7-424F-BCA7-E0F8ECE594F4}.Debug|Any CPU.Build.0 = Debug|Any CPU
		{EE2B28EC-EEF7-424F-BCA7-E0F8ECE594F4}.Release|Any CPU.ActiveCfg = Release|Any CPU
		{EE2B28EC-EEF7-424F-BCA7-E0F8ECE594F4}.Release|Any CPU.Build.0 = Release|Any CPU
		{99B90FB7-2536-414A-8167-1B2A399E7B69}.Debug|Any CPU.ActiveCfg = Debug|Any CPU
		{99B90FB7-2536-414A-8167-1B2A399E7B69}.Debug|Any CPU.Build.0 = Debug|Any CPU
		{99B90FB7-2536-414A-8167-1B2A399E7B69}.Release|Any CPU.ActiveCfg = Release|Any CPU
		{99B90FB7-2536-414A-8167-1B2A399E7B69}.Release|Any CPU.Build.0 = Release|Any CPU
	EndGlobalSection
	GlobalSection(SolutionProperties) = preSolution
		HideSolutionNode = FALSE
	EndGlobalSection
	GlobalSection(ExtensibilityGlobals) = postSolution
		SolutionGuid = {1C793F39-3D45-4B09-90C7-8B9FDF0C3145}
	EndGlobalSection
EndGlobal
